
Microsoft Visual Studio Solution File, Format Version 12.00
# Visual Studio 14
VisualStudioVersion = 14.0.25420.1
MinimumVisualStudioVersion = 10.0.40219.1
Project("{8BC9CEB8-8B4A-11D0-8D11-00A0C91BC942}") = "nf4s", "nf4s\nf4s.vcxproj", "{6EFC0B44-C918-4CE9-9A6B-F2F402F90E2C}"
EndProject
Project("{8BC9CEB8-8B4A-11D0-8D11-00A0C91BC942}") = "dxf", "dxf\dxf.vcxproj", "{854D3E9B-E35B-496A-A343-FA7F25596ED1}"
EndProject
Project("{8BC9CEB8-8B4A-11D0-8D11-00A0C91BC942}") = "dbs", "dbs\dbs.vcxproj", "{90E9845B-98FE-4BA2-B237-E2FDD47FDB6D}"
EndProject
Project("{8BC9CEB8-8B4A-11D0-8D11-00A0C91BC942}") = "libDbs", "libDbs\libDbs.vcxproj", "{38E8B758-B9AD-4FB2-B3F7-12489F267DDD}"
EndProject
Global
	GlobalSection(SolutionConfigurationPlatforms) = preSolution
		Debug|x64 = Debug|x64
		Debug|x86 = Debug|x86
		Release|x64 = Release|x64
		Release|x86 = Release|x86
	EndGlobalSection
	GlobalSection(ProjectConfigurationPlatforms) = postSolution
		{6EFC0B44-C918-4CE9-9A6B-F2F402F90E2C}.Debug|x64.ActiveCfg = Debug|x64
		{6EFC0B44-C918-4CE9-9A6B-F2F402F90E2C}.Debug|x64.Build.0 = Debug|x64
		{6EFC0B44-C918-4CE9-9A6B-F2F402F90E2C}.Debug|x86.ActiveCfg = Debug|Win32
		{6EFC0B44-C918-4CE9-9A6B-F2F402F90E2C}.Debug|x86.Build.0 = Debug|Win32
		{6EFC0B44-C918-4CE9-9A6B-F2F402F90E2C}.Release|x64.ActiveCfg = Release|x64
		{6EFC0B44-C918-4CE9-9A6B-F2F402F90E2C}.Release|x64.Build.0 = Release|x64
		{6EFC0B44-C918-4CE9-9A6B-F2F402F90E2C}.Release|x86.ActiveCfg = Release|Win32
		{6EFC0B44-C918-4CE9-9A6B-F2F402F90E2C}.Release|x86.Build.0 = Release|Win32
		{854D3E9B-E35B-496A-A343-FA7F25596ED1}.Debug|x64.ActiveCfg = Debug|x64
		{854D3E9B-E35B-496A-A343-FA7F25596ED1}.Debug|x64.Build.0 = Debug|x64
		{854D3E9B-E35B-496A-A343-FA7F25596ED1}.Debug|x86.ActiveCfg = Debug|Win32
		{854D3E9B-E35B-496A-A343-FA7F25596ED1}.Debug|x86.Build.0 = Debug|Win32
		{854D3E9B-E35B-496A-A343-FA7F25596ED1}.Release|x64.ActiveCfg = Release|x64
		{854D3E9B-E35B-496A-A343-FA7F25596ED1}.Release|x64.Build.0 = Release|x64
		{854D3E9B-E35B-496A-A343-FA7F25596ED1}.Release|x86.ActiveCfg = Release|Win32
		{90E9845B-98FE-4BA2-B237-E2FDD47FDB6D}.Debug|x64.ActiveCfg = Debug|x64
		{90E9845B-98FE-4BA2-B237-E2FDD47FDB6D}.Debug|x64.Build.0 = Debug|x64
		{90E9845B-98FE-4BA2-B237-E2FDD47FDB6D}.Debug|x86.ActiveCfg = Debug|Win32
		{90E9845B-98FE-4BA2-B237-E2FDD47FDB6D}.Debug|x86.Build.0 = Debug|Win32
		{90E9845B-98FE-4BA2-B237-E2FDD47FDB6D}.Release|x64.ActiveCfg = Release|x64
		{90E9845B-98FE-4BA2-B237-E2FDD47FDB6D}.Release|x64.Build.0 = Release|x64
		{90E9845B-98FE-4BA2-B237-E2FDD47FDB6D}.Release|x86.ActiveCfg = Release|Win32
		{90E9845B-98FE-4BA2-B237-E2FDD47FDB6D}.Release|x86.Build.0 = Release|Win32
		{38E8B758-B9AD-4FB2-B3F7-12489F267DDD}.Debug|x64.ActiveCfg = Debug|x64
		{38E8B758-B9AD-4FB2-B3F7-12489F267DDD}.Debug|x64.Build.0 = Debug|x64
		{38E8B758-B9AD-4FB2-B3F7-12489F267DDD}.Debug|x86.ActiveCfg = Debug|Win32
		{38E8B758-B9AD-4FB2-B3F7-12489F267DDD}.Debug|x86.Build.0 = Debug|Win32
		{38E8B758-B9AD-4FB2-B3F7-12489F267DDD}.Release|x64.ActiveCfg = Release|x64
		{38E8B758-B9AD-4FB2-B3F7-12489F267DDD}.Release|x64.Build.0 = Release|x64
		{38E8B758-B9AD-4FB2-B3F7-12489F267DDD}.Release|x86.ActiveCfg = Release|Win32
		{38E8B758-B9AD-4FB2-B3F7-12489F267DDD}.Release|x86.Build.0 = Release|Win32
	EndGlobalSection
	GlobalSection(SolutionProperties) = preSolution
		HideSolutionNode = FALSE
	EndGlobalSection
EndGlobal
