<?xml version="1.0" encoding="UTF-8" standalone="yes" ?>
<CodeBlocks_project_file>
	<FileVersion major="1" minor="6" />
	<Project>
		<Option title="nf4s" />
		<Option pch_mode="2" />
		<Option compiler="gcc" />
		<Build>
			<Target title="Debug">
				<Option output="bin/${TARGET_NAME}/nf4s" prefix_auto="1" extension_auto="1" />
				<Option object_output="obj/${TARGET_NAME}/" />
				<Option type="1" />
				<Option compiler="gcc" />
				<Option parameters="C:\My\tmp\Sirius\rounded3x4.DBS" />
				<Compiler>
					<Add option="-g" />
				</Compiler>
				<Linker>
					<Add library="../dbs/bin/${TARGET_NAME}/libdbs.a" />
				</Linker>
			</Target>
			<Target title="Release">
				<Option output="bin/${TARGET_NAME}/nf4s" prefix_auto="1" extension_auto="1" />
				<Option object_output="obj/${TARGET_NAME}/" />
				<Option type="1" />
				<Option compiler="gcc" />
				<Option parameters="C:\My\tmp\Sirius\rounded3x4.DBS" />
				<Compiler>
					<Add option="-O2" />
				</Compiler>
				<Linker>
					<Add option="-s" />
					<Add library="../dbs/bin/${TARGET_NAME}/libdbs.a" />
				</Linker>
			</Target>
		</Build>
		<Compiler>
			<Add option="-Wall" />
			<Add option="-std=c++11" />
			<Add directory="../dbs" />
		</Compiler>
		<Unit filename="!stdafx.h">
			<Option compile="1" />
		</Unit>
		<Unit filename="nf4s.cpp" />
		<Extensions>
			<code_completion />
			<envvars />
			<debugger />
			<lib_finder disable_auto="1" />
		</Extensions>
	</Project>
</CodeBlocks_project_file>
